
Microsoft Visual Studio Solution File, Format Version 12.00
# Visual Studio Version 17
VisualStudioVersion = 17.8.34511.84
MinimumVisualStudioVersion = 10.0.40219.1
Project("{9A19103F-16F7-4668-BE54-9A1E7A4F7556}") = "Stationery.Application", "Stationery.Application\Stationery.Application.csproj", "{B5DBF7F7-CF2E-4CEF-ABD3-CA0963CAF929}"
EndProject
Project("{9A19103F-16F7-4668-BE54-9A1E7A4F7556}") = "Models.Application", "Models.Application\Models.Application.csproj", "{5D36C82B-8ABC-45FD-A03A-38384822695B}"
EndProject
Project("{9A19103F-16F7-4668-BE54-9A1E7A4F7556}") = "Stationery.Infrastructure", "Stationery.Infrastructure\Stationery.Infrastructure.csproj", "{8DA33FA3-EA4C-4AEA-B1BF-28A100CD023C}"
EndProject
Project("{9A19103F-16F7-4668-BE54-9A1E7A4F7556}") = "Stationery.Context", "Stationery.Context\Stationery.Context.csproj", "{C81D1E8F-D248-4300-BDA2-455ECAB6950B}"
EndProject
Project("{9A19103F-16F7-4668-BE54-9A1E7A4F7556}") = "Stationary,Presentation", "Stationary,Presentation\Stationary,Presentation.csproj", "{953FBF9E-F627-4338-A176-91D29C4EBD11}"
EndProject
Global
	GlobalSection(SolutionConfigurationPlatforms) = preSolution
		Debug|Any CPU = Debug|Any CPU
		Release|Any CPU = Release|Any CPU
	EndGlobalSection
	GlobalSection(ProjectConfigurationPlatforms) = postSolution
		{B5DBF7F7-CF2E-4CEF-ABD3-CA0963CAF929}.Debug|Any CPU.ActiveCfg = Debug|Any CPU
		{B5DBF7F7-CF2E-4CEF-ABD3-CA0963CAF929}.Debug|Any CPU.Build.0 = Debug|Any CPU
		{B5DBF7F7-CF2E-4CEF-ABD3-CA0963CAF929}.Release|Any CPU.ActiveCfg = Release|Any CPU
		{B5DBF7F7-CF2E-4CEF-ABD3-CA0963CAF929}.Release|Any CPU.Build.0 = Release|Any CPU
		{5D36C82B-8ABC-45FD-A03A-38384822695B}.Debug|Any CPU.ActiveCfg = Debug|Any CPU
		{5D36C82B-8ABC-45FD-A03A-38384822695B}.Debug|Any CPU.Build.0 = Debug|Any CPU
		{5D36C82B-8ABC-45FD-A03A-38384822695B}.Release|Any CPU.ActiveCfg = Release|Any CPU
		{5D36C82B-8ABC-45FD-A03A-38384822695B}.Release|Any CPU.Build.0 = Release|Any CPU
		{8DA33FA3-EA4C-4AEA-B1BF-28A100CD023C}.Debug|Any CPU.ActiveCfg = Debug|Any CPU
		{8DA33FA3-EA4C-4AEA-B1BF-28A100CD023C}.Debug|Any CPU.Build.0 = Debug|Any CPU
		{8DA33FA3-EA4C-4AEA-B1BF-28A100CD023C}.Release|Any CPU.ActiveCfg = Release|Any CPU
		{8DA33FA3-EA4C-4AEA-B1BF-28A100CD023C}.Release|Any CPU.Build.0 = Release|Any CPU
		{C81D1E8F-D248-4300-BDA2-455ECAB6950B}.Debug|Any CPU.ActiveCfg = Debug|Any CPU
		{C81D1E8F-D248-4300-BDA2-455ECAB6950B}.Debug|Any CPU.Build.0 = Debug|Any CPU
		{C81D1E8F-D248-4300-BDA2-455ECAB6950B}.Release|Any CPU.ActiveCfg = Release|Any CPU
		{C81D1E8F-D248-4300-BDA2-455ECAB6950B}.Release|Any CPU.Build.0 = Release|Any CPU
		{953FBF9E-F627-4338-A176-91D29C4EBD11}.Debug|Any CPU.ActiveCfg = Debug|Any CPU
		{953FBF9E-F627-4338-A176-91D29C4EBD11}.Debug|Any CPU.Build.0 = Debug|Any CPU
		{953FBF9E-F627-4338-A176-91D29C4EBD11}.Release|Any CPU.ActiveCfg = Release|Any CPU
		{953FBF9E-F627-4338-A176-91D29C4EBD11}.Release|Any CPU.Build.0 = Release|Any CPU
	EndGlobalSection
	GlobalSection(SolutionProperties) = preSolution
		HideSolutionNode = FALSE
	EndGlobalSection
	GlobalSection(ExtensibilityGlobals) = postSolution
		SolutionGuid = {A6B04809-40DF-4316-A6B4-ECD4029C59BA}
	EndGlobalSection
EndGlobal
